
Microsoft Visual Studio Solution File, Format Version 12.00
# Visual Studio Version 16
VisualStudioVersion = 16.0.28803.202
MinimumVisualStudioVersion = 10.0.40219.1
Project("{9A19103F-16F7-4668-BE54-9A1E7A4F7556}") = "KonoeStudio.Libs.DependencyInjection", "KonoeStudio.Libs.DependencyInjection\KonoeStudio.Libs.DependencyInjection.csproj", "{DC2924D5-BF43-4751-9120-B28E9D830941}"
EndProject
Project("{9A19103F-16F7-4668-BE54-9A1E7A4F7556}") = "KonoeStudio.Libs.DependencyInjectionStub", "KonoeStudio.Libs.Stub\KonoeStudio.Libs.DependencyInjectionStub.csproj", "{6921DCAD-3BFB-4C14-A2F4-178BAD055401}"
EndProject
Project("{9A19103F-16F7-4668-BE54-9A1E7A4F7556}") = "KonoeStudio.Libs.DependencyInjectionTests", "KonoeStudio.Libs.DependencyInjectionTests\KonoeStudio.Libs.DependencyInjectionTests.csproj", "{6BB30C11-0E52-4C50-8D7D-F43BB4A43AAB}"
EndProject
Global
	GlobalSection(SolutionConfigurationPlatforms) = preSolution
		Debug|Any CPU = Debug|Any CPU
		Release|Any CPU = Release|Any CPU
	EndGlobalSection
	GlobalSection(ProjectConfigurationPlatforms) = postSolution
		{DC2924D5-BF43-4751-9120-B28E9D830941}.Debug|Any CPU.ActiveCfg = Debug|Any CPU
		{DC2924D5-BF43-4751-9120-B28E9D830941}.Debug|Any CPU.Build.0 = Debug|Any CPU
		{DC2924D5-BF43-4751-9120-B28E9D830941}.Release|Any CPU.ActiveCfg = Release|Any CPU
		{DC2924D5-BF43-4751-9120-B28E9D830941}.Release|Any CPU.Build.0 = Release|Any CPU
		{6921DCAD-3BFB-4C14-A2F4-178BAD055401}.Debug|Any CPU.ActiveCfg = Debug|Any CPU
		{6921DCAD-3BFB-4C14-A2F4-178BAD055401}.Debug|Any CPU.Build.0 = Debug|Any CPU
		{6921DCAD-3BFB-4C14-A2F4-178BAD055401}.Release|Any CPU.ActiveCfg = Release|Any CPU
		{6921DCAD-3BFB-4C14-A2F4-178BAD055401}.Release|Any CPU.Build.0 = Release|Any CPU
		{6BB30C11-0E52-4C50-8D7D-F43BB4A43AAB}.Debug|Any CPU.ActiveCfg = Debug|Any CPU
		{6BB30C11-0E52-4C50-8D7D-F43BB4A43AAB}.Debug|Any CPU.Build.0 = Debug|Any CPU
		{6BB30C11-0E52-4C50-8D7D-F43BB4A43AAB}.Release|Any CPU.ActiveCfg = Release|Any CPU
		{6BB30C11-0E52-4C50-8D7D-F43BB4A43AAB}.Release|Any CPU.Build.0 = Release|Any CPU
	EndGlobalSection
	GlobalSection(SolutionProperties) = preSolution
		HideSolutionNode = FALSE
	EndGlobalSection
	GlobalSection(ExtensibilityGlobals) = postSolution
		SolutionGuid = {6CBB1D31-1569-4DFE-9BAF-B547FA6DEC14}
	EndGlobalSection
EndGlobal
